
Microsoft Visual Studio Solution File, Format Version 12.00
# Visual Studio Version 17
VisualStudioVersion = 17.5.33516.290
MinimumVisualStudioVersion = 10.0.40219.1
Project("{FAE04EC0-301F-11D3-BF4B-00C04F79EFBC}") = "Blog", "Blog.csproj", "{FAAA4E48-81A4-4F59-A69B-DF810654ECDA}"
EndProject
Global
	GlobalSection(SolutionConfigurationPlatforms) = preSolution
		Debug|Any CPU = Debug|Any CPU
		Release|Any CPU = Release|Any CPU
	EndGlobalSection
	GlobalSection(ProjectConfigurationPlatforms) = postSolution
		{FAAA4E48-81A4-4F59-A69B-DF810654ECDA}.Debug|Any CPU.ActiveCfg = Debug|Any CPU
		{FAAA4E48-81A4-4F59-A69B-DF810654ECDA}.Debug|Any CPU.Build.0 = Debug|Any CPU
		{FAAA4E48-81A4-4F59-A69B-DF810654ECDA}.Release|Any CPU.ActiveCfg = Release|Any CPU
		{FAAA4E48-81A4-4F59-A69B-DF810654ECDA}.Release|Any CPU.Build.0 = Release|Any CPU
	EndGlobalSection
	GlobalSection(SolutionProperties) = preSolution
		HideSolutionNode = FALSE
	EndGlobalSection
	GlobalSection(ExtensibilityGlobals) = postSolution
		SolutionGuid = {44125EA4-E4D6-4995-8B46-32E963D5FD0F}
	EndGlobalSection
EndGlobal
